
Microsoft Visual Studio Solution File, Format Version 12.00
# Visual Studio Version 16
VisualStudioVersion = 16.0.30907.101
MinimumVisualStudioVersion = 10.0.40219.1
Project("{FAE04EC0-301F-11D3-BF4B-00C04F79EFBC}") = "Evaluacion 2", "Evaluacion 2\Evaluacion 2.csproj", "{67964259-60CB-4958-88B4-266594B52908}"
EndProject
Global
	GlobalSection(SolutionConfigurationPlatforms) = preSolution
		Debug|Any CPU = Debug|Any CPU
		Release|Any CPU = Release|Any CPU
	EndGlobalSection
	GlobalSection(ProjectConfigurationPlatforms) = postSolution
		{67964259-60CB-4958-88B4-266594B52908}.Debug|Any CPU.ActiveCfg = Debug|Any CPU
		{67964259-60CB-4958-88B4-266594B52908}.Debug|Any CPU.Build.0 = Debug|Any CPU
		{67964259-60CB-4958-88B4-266594B52908}.Release|Any CPU.ActiveCfg = Release|Any CPU
		{67964259-60CB-4958-88B4-266594B52908}.Release|Any CPU.Build.0 = Release|Any CPU
	EndGlobalSection
	GlobalSection(SolutionProperties) = preSolution
		HideSolutionNode = FALSE
	EndGlobalSection
	GlobalSection(ExtensibilityGlobals) = postSolution
		SolutionGuid = {0258A287-AE63-463F-BF2B-7E63218EC84B}
	EndGlobalSection
EndGlobal
